
Microsoft Visual Studio Solution File, Format Version 12.00
# Visual Studio Version 16
VisualStudioVersion = 16.0.29905.134
MinimumVisualStudioVersion = 10.0.40219.1
Project("{FAE04EC0-301F-11D3-BF4B-00C04F79EFBC}") = "DotnetDynamoDBLock", "src\DotnetDynamoDBLock\DotnetDynamoDBLock.csproj", "{D9D93E98-49F4-473F-BCDF-6F39E610E86C}"
EndProject
Global
	GlobalSection(SolutionConfigurationPlatforms) = preSolution
		Debug|Any CPU = Debug|Any CPU
		Release|Any CPU = Release|Any CPU
	EndGlobalSection
	GlobalSection(ProjectConfigurationPlatforms) = postSolution
		{D9D93E98-49F4-473F-BCDF-6F39E610E86C}.Debug|Any CPU.ActiveCfg = Debug|Any CPU
		{D9D93E98-49F4-473F-BCDF-6F39E610E86C}.Debug|Any CPU.Build.0 = Debug|Any CPU
		{D9D93E98-49F4-473F-BCDF-6F39E610E86C}.Release|Any CPU.ActiveCfg = Release|Any CPU
		{D9D93E98-49F4-473F-BCDF-6F39E610E86C}.Release|Any CPU.Build.0 = Release|Any CPU
	EndGlobalSection
	GlobalSection(SolutionProperties) = preSolution
		HideSolutionNode = FALSE
	EndGlobalSection
	GlobalSection(ExtensibilityGlobals) = postSolution
		SolutionGuid = {3B743BE2-77A6-4A74-8978-1113B98C8B21}
	EndGlobalSection
EndGlobal
